
Microsoft Visual Studio Solution File, Format Version 12.00
# Visual Studio 15
VisualStudioVersion = 15.0.28307.1300
MinimumVisualStudioVersion = 10.0.40219.1
Project("{8BC9CEB8-8B4A-11D0-8D11-00A0C91BC942}") = "Search", "Search\Search.vcxproj", "{EEEE31DB-AF2F-4FC1-A7D5-AE69DDE35A36}"
EndProject
Global
	GlobalSection(SolutionConfigurationPlatforms) = preSolution
		Debug|x64 = Debug|x64
		Debug|x86 = Debug|x86
		Release|x64 = Release|x64
		Release|x86 = Release|x86
	EndGlobalSection
	GlobalSection(ProjectConfigurationPlatforms) = postSolution
		{EEEE31DB-AF2F-4FC1-A7D5-AE69DDE35A36}.Debug|x64.ActiveCfg = Debug|x64
		{EEEE31DB-AF2F-4FC1-A7D5-AE69DDE35A36}.Debug|x64.Build.0 = Debug|x64
		{EEEE31DB-AF2F-4FC1-A7D5-AE69DDE35A36}.Debug|x86.ActiveCfg = Debug|Win32
		{EEEE31DB-AF2F-4FC1-A7D5-AE69DDE35A36}.Debug|x86.Build.0 = Debug|Win32
		{EEEE31DB-AF2F-4FC1-A7D5-AE69DDE35A36}.Release|x64.ActiveCfg = Release|x64
		{EEEE31DB-AF2F-4FC1-A7D5-AE69DDE35A36}.Release|x64.Build.0 = Release|x64
		{EEEE31DB-AF2F-4FC1-A7D5-AE69DDE35A36}.Release|x86.ActiveCfg = Release|Win32
		{EEEE31DB-AF2F-4FC1-A7D5-AE69DDE35A36}.Release|x86.Build.0 = Release|Win32
	EndGlobalSection
	GlobalSection(SolutionProperties) = preSolution
		HideSolutionNode = FALSE
	EndGlobalSection
	GlobalSection(ExtensibilityGlobals) = postSolution
		SolutionGuid = {19D56B49-E53C-468C-A2B6-B6FD82F780EA}
	EndGlobalSection
EndGlobal
